{
  "originHash" : "c4389df017cf055312a53b836bc797a13d1210d4060cca96bd49d6944ad6aace",
  "pins" : [
    {
      "identity" : "sentry-cocoa",
      "kind" : "remoteSourceControl",
      "location" : "https://github.com/getsentry/sentry-cocoa",
      "state" : {
        "revision" : "05d3ce8332097ff0b2347231ac66476fd7d2f4d8",
        "version" : "9.8.0"
      }
    },
    {
      "identity" : "sparkle",
      "kind" : "remoteSourceControl",
      "location" : "https://github.com/sparkle-project/Sparkle",
      "state" : {
        "revision" : "06beff60e3b609a485290e4d5d2d1e2eedb1e55d",
        "version" : "2.7.3"
      }
    }
  ],
  "version" : 3
}
